
Microsoft Visual Studio Solution File, Format Version 12.00
# Visual Studio Version 17
VisualStudioVersion = 17.10.35013.160
MinimumVisualStudioVersion = 10.0.40219.1
Project("{FAE04EC0-301F-11D3-BF4B-00C04F79EFBC}") = "7.2", "7.2\7.2.csproj", "{AEEC0EC1-C5EB-4DBD-B033-B22AEFD1E48F}"
EndProject
Global
	GlobalSection(SolutionConfigurationPlatforms) = preSolution
		Debug|Any CPU = Debug|Any CPU
		Release|Any CPU = Release|Any CPU
	EndGlobalSection
	GlobalSection(ProjectConfigurationPlatforms) = postSolution
		{AEEC0EC1-C5EB-4DBD-B033-B22AEFD1E48F}.Debug|Any CPU.ActiveCfg = Debug|Any CPU
		{AEEC0EC1-C5EB-4DBD-B033-B22AEFD1E48F}.Debug|Any CPU.Build.0 = Debug|Any CPU
		{AEEC0EC1-C5EB-4DBD-B033-B22AEFD1E48F}.Release|Any CPU.ActiveCfg = Release|Any CPU
		{AEEC0EC1-C5EB-4DBD-B033-B22AEFD1E48F}.Release|Any CPU.Build.0 = Release|Any CPU
	EndGlobalSection
	GlobalSection(SolutionProperties) = preSolution
		HideSolutionNode = FALSE
	EndGlobalSection
	GlobalSection(ExtensibilityGlobals) = postSolution
		SolutionGuid = {EC468595-5D3F-47EC-9101-41964F98E1CE}
	EndGlobalSection
EndGlobal
